
Microsoft Visual Studio Solution File, Format Version 12.00
# Visual Studio Version 17
VisualStudioVersion = 17.3.32929.385
MinimumVisualStudioVersion = 10.0.40219.1
Project("{9A19103F-16F7-4668-BE54-9A1E7A4F7556}") = "AnimeFun.WinUI", "AnimeFun.WinUI\AnimeFun.WinUI.csproj", "{33DD1EAC-C903-4BDC-B0D2-264286281938}"
EndProject
Project("{9A19103F-16F7-4668-BE54-9A1E7A4F7556}") = "AnimeFun.Core", "AnimeFun.Core\AnimeFun.Core.csproj", "{0BC6AFB1-A715-432A-ACC8-2765203F87D5}"
EndProject
Project("{FAE04EC0-301F-11D3-BF4B-00C04F79EFBC}") = "AnimeFun.Service", "AnimeFun.Service\AnimeFun.Service.csproj", "{F891DFB9-8ED6-4803-BC2E-93108A8A81E7}"
EndProject
Global
	GlobalSection(SolutionConfigurationPlatforms) = preSolution
		Debug|x64 = Debug|x64
		Release|x64 = Release|x64
	EndGlobalSection
	GlobalSection(ProjectConfigurationPlatforms) = postSolution
		{33DD1EAC-C903-4BDC-B0D2-264286281938}.Debug|x64.ActiveCfg = Debug|x64
		{33DD1EAC-C903-4BDC-B0D2-264286281938}.Debug|x64.Build.0 = Debug|x64
		{33DD1EAC-C903-4BDC-B0D2-264286281938}.Debug|x64.Deploy.0 = Debug|x64
		{33DD1EAC-C903-4BDC-B0D2-264286281938}.Release|x64.ActiveCfg = Release|x64
		{33DD1EAC-C903-4BDC-B0D2-264286281938}.Release|x64.Build.0 = Release|x64
		{33DD1EAC-C903-4BDC-B0D2-264286281938}.Release|x64.Deploy.0 = Release|x64
		{0BC6AFB1-A715-432A-ACC8-2765203F87D5}.Debug|x64.ActiveCfg = Debug|x64
		{0BC6AFB1-A715-432A-ACC8-2765203F87D5}.Debug|x64.Build.0 = Debug|x64
		{0BC6AFB1-A715-432A-ACC8-2765203F87D5}.Release|x64.ActiveCfg = Release|x64
		{0BC6AFB1-A715-432A-ACC8-2765203F87D5}.Release|x64.Build.0 = Release|x64
		{F891DFB9-8ED6-4803-BC2E-93108A8A81E7}.Debug|x64.ActiveCfg = Debug|x64
		{F891DFB9-8ED6-4803-BC2E-93108A8A81E7}.Debug|x64.Build.0 = Debug|x64
		{F891DFB9-8ED6-4803-BC2E-93108A8A81E7}.Release|x64.ActiveCfg = Release|x64
		{F891DFB9-8ED6-4803-BC2E-93108A8A81E7}.Release|x64.Build.0 = Release|x64
	EndGlobalSection
	GlobalSection(SolutionProperties) = preSolution
		HideSolutionNode = FALSE
	EndGlobalSection
	GlobalSection(ExtensibilityGlobals) = postSolution
		SolutionGuid = {616A977A-27CE-4FB1-99BB-AF9D69777097}
	EndGlobalSection
EndGlobal
